
Microsoft Visual Studio Solution File, Format Version 12.00
# Visual Studio 14
VisualStudioVersion = 14.0.25420.1
MinimumVisualStudioVersion = 10.0.40219.1
Project("{8BC9CEB8-8B4A-11D0-8D11-00A0C91BC942}") = "SuperTracer", "SuperTracer\SuperTracer.vcxproj", "{7288A838-C35B-4A89-9FAA-08F7E6A0D6F5}"
EndProject
Project("{8BC9CEB8-8B4A-11D0-8D11-00A0C91BC942}") = "Pixeltoaster", "SuperTracer\Pixeltoaster\Pixeltoaster\Pixeltoaster.vcxproj", "{3EE4C23E-BFE1-4EA8-ADD4-F043C26A24B8}"
EndProject
Project("{8BC9CEB8-8B4A-11D0-8D11-00A0C91BC942}") = "SuperMath", "SuperMath\SuperMath.vcxproj", "{63C806A2-3F0A-4B2B-AA99-6CB2BAF70557}"
EndProject
Project("{8BC9CEB8-8B4A-11D0-8D11-00A0C91BC942}") = "GTest", "GTest\GTest.vcxproj", "{ED588CC0-FF33-48F5-9177-90035D826E90}"
EndProject
Project("{8BC9CEB8-8B4A-11D0-8D11-00A0C91BC942}") = "SuperMathTest", "SuperMathTest\SuperMathTest.vcxproj", "{855BC7AC-4B3F-4534-AA8F-04568A062737}"
	ProjectSection(ProjectDependencies) = postProject
		{63C806A2-3F0A-4B2B-AA99-6CB2BAF70557} = {63C806A2-3F0A-4B2B-AA99-6CB2BAF70557}
		{ED588CC0-FF33-48F5-9177-90035D826E90} = {ED588CC0-FF33-48F5-9177-90035D826E90}
	EndProjectSection
EndProject
Global
	GlobalSection(SolutionConfigurationPlatforms) = preSolution
		Debug|x64 = Debug|x64
		Debug|x86 = Debug|x86
		Release|x64 = Release|x64
		Release|x86 = Release|x86
	EndGlobalSection
	GlobalSection(ProjectConfigurationPlatforms) = postSolution
		{7288A838-C35B-4A89-9FAA-08F7E6A0D6F5}.Debug|x64.ActiveCfg = Debug|x64
		{7288A838-C35B-4A89-9FAA-08F7E6A0D6F5}.Debug|x64.Build.0 = Debug|x64
		{7288A838-C35B-4A89-9FAA-08F7E6A0D6F5}.Debug|x86.ActiveCfg = Debug|Win32
		{7288A838-C35B-4A89-9FAA-08F7E6A0D6F5}.Debug|x86.Build.0 = Debug|Win32
		{7288A838-C35B-4A89-9FAA-08F7E6A0D6F5}.Release|x64.ActiveCfg = Release|x64
		{7288A838-C35B-4A89-9FAA-08F7E6A0D6F5}.Release|x64.Build.0 = Release|x64
		{7288A838-C35B-4A89-9FAA-08F7E6A0D6F5}.Release|x86.ActiveCfg = Release|Win32
		{7288A838-C35B-4A89-9FAA-08F7E6A0D6F5}.Release|x86.Build.0 = Release|Win32
		{3EE4C23E-BFE1-4EA8-ADD4-F043C26A24B8}.Debug|x64.ActiveCfg = Debug|x64
		{3EE4C23E-BFE1-4EA8-ADD4-F043C26A24B8}.Debug|x64.Build.0 = Debug|x64
		{3EE4C23E-BFE1-4EA8-ADD4-F043C26A24B8}.Debug|x86.ActiveCfg = Debug|Win32
		{3EE4C23E-BFE1-4EA8-ADD4-F043C26A24B8}.Debug|x86.Build.0 = Debug|Win32
		{3EE4C23E-BFE1-4EA8-ADD4-F043C26A24B8}.Release|x64.ActiveCfg = Release|x64
		{3EE4C23E-BFE1-4EA8-ADD4-F043C26A24B8}.Release|x64.Build.0 = Release|x64
		{3EE4C23E-BFE1-4EA8-ADD4-F043C26A24B8}.Release|x86.ActiveCfg = Release|Win32
		{3EE4C23E-BFE1-4EA8-ADD4-F043C26A24B8}.Release|x86.Build.0 = Release|Win32
		{63C806A2-3F0A-4B2B-AA99-6CB2BAF70557}.Debug|x64.ActiveCfg = Debug|x64
		{63C806A2-3F0A-4B2B-AA99-6CB2BAF70557}.Debug|x64.Build.0 = Debug|x64
		{63C806A2-3F0A-4B2B-AA99-6CB2BAF70557}.Debug|x86.ActiveCfg = Debug|Win32
		{63C806A2-3F0A-4B2B-AA99-6CB2BAF70557}.Debug|x86.Build.0 = Debug|Win32
		{63C806A2-3F0A-4B2B-AA99-6CB2BAF70557}.Release|x64.ActiveCfg = Release|x64
		{63C806A2-3F0A-4B2B-AA99-6CB2BAF70557}.Release|x64.Build.0 = Release|x64
		{63C806A2-3F0A-4B2B-AA99-6CB2BAF70557}.Release|x86.ActiveCfg = Release|Win32
		{63C806A2-3F0A-4B2B-AA99-6CB2BAF70557}.Release|x86.Build.0 = Release|Win32
		{ED588CC0-FF33-48F5-9177-90035D826E90}.Debug|x64.ActiveCfg = Debug|x64
		{ED588CC0-FF33-48F5-9177-90035D826E90}.Debug|x64.Build.0 = Debug|x64
		{ED588CC0-FF33-48F5-9177-90035D826E90}.Debug|x86.ActiveCfg = Debug|Win32
		{ED588CC0-FF33-48F5-9177-90035D826E90}.Debug|x86.Build.0 = Debug|Win32
		{ED588CC0-FF33-48F5-9177-90035D826E90}.Release|x64.ActiveCfg = Release|x64
		{ED588CC0-FF33-48F5-9177-90035D826E90}.Release|x64.Build.0 = Release|x64
		{ED588CC0-FF33-48F5-9177-90035D826E90}.Release|x86.ActiveCfg = Release|Win32
		{ED588CC0-FF33-48F5-9177-90035D826E90}.Release|x86.Build.0 = Release|Win32
		{855BC7AC-4B3F-4534-AA8F-04568A062737}.Debug|x64.ActiveCfg = Debug|x64
		{855BC7AC-4B3F-4534-AA8F-04568A062737}.Debug|x64.Build.0 = Debug|x64
		{855BC7AC-4B3F-4534-AA8F-04568A062737}.Debug|x86.ActiveCfg = Debug|Win32
		{855BC7AC-4B3F-4534-AA8F-04568A062737}.Debug|x86.Build.0 = Debug|Win32
		{855BC7AC-4B3F-4534-AA8F-04568A062737}.Release|x64.ActiveCfg = Release|x64
		{855BC7AC-4B3F-4534-AA8F-04568A062737}.Release|x64.Build.0 = Release|x64
		{855BC7AC-4B3F-4534-AA8F-04568A062737}.Release|x86.ActiveCfg = Release|Win32
		{855BC7AC-4B3F-4534-AA8F-04568A062737}.Release|x86.Build.0 = Release|Win32
	EndGlobalSection
	GlobalSection(SolutionProperties) = preSolution
		HideSolutionNode = FALSE
	EndGlobalSection
EndGlobal
